github.com/BelikovArtem/chego v0.0.0-20250710100147-b76da2710c40 h1:p1UIgMtXBuW0VlnWy/3ju8mRVHkI9lrcOd3aaOm7VlA=
github.com/BelikovArtem/chego v0.0.0-20250710100147-b76da2710c40/go.mod h1:RmDqy+c/g054w5PSrrz/O5ZWba5zUlYYhLQ79dhybAI=
github.com/BelikovArtem/chego v0.0.0-20250710104824-64e6d7ff974b h1:3+I1BmsvzNS/QfF1VtSQRhmG60krqgCT5FvK9SlK550=
github.com/BelikovArtem/chego v0.0.0-20250710104824-64e6d7ff974b/go.mod h1:RmDqy+c/g054w5PSrrz/O5ZWba5zUlYYhLQ79dhybAI=
github.com/BelikovArtem/chego v0.0.0-20250711134937-9663316ceb0b h1:4qKsmu1rWVPBthXR+bdE9Z8i+u7/t3nyvhWsgdw28zw=
github.com/BelikovArtem/chego v0.0.0-20250711134937-9663316ceb0b/go.mod h1:RmDqy+c/g054w5PSrrz/O5ZWba5zUlYYhLQ79dhybAI=
github.com/BelikovArtem/chego v0.0.0-20250712155109-a517868de812 h1:JHibUI/JAqpDsvMCWdcr8ONmQmGc3k2IkavJLs+UuvQ=
github.com/BelikovArtem/chego v0.0.0-20250712155109-a517868de812/go.mod h1:RmDqy+c/g054w5PSrrz/O5ZWba5zUlYYhLQ79dhybAI=
github.com/gorilla/websocket v1.5.3 h1:saDtZ6Pbx/0u+bgYQ3q96pZgCzfhKXGPqt7kZ72aNNg=
github.com/gorilla/websocket v1.5.3/go.mod h1:YR8l580nyteQvAITg2hZ9XVh4b55+EU/adAjf1fMHhE=
